// !$*UTF8*$!
{
	archiveVersion = 1;
	classes = {
	};
	objectVersion = 56;
	objects = {

/* Begin PBXBuildFile section */
		BC0196FA2C8125CF002B61A7 /* RootView.swift in Sources */ = {isa = PBXBuildFile; fileRef = BC0196F92C8125CF002B61A7 /* RootView.swift */; };
		BC0196FC2C813C0F002B61A7 /* FirebaseFirestore in Frameworks */ = {isa = PBXBuildFile; productRef = BC0196FB2C813C0F002B61A7 /* FirebaseFirestore */; };
		BC0196FE2C813C9A002B61A7 /* ToDoItem.swift in Sources */ = {isa = PBXBuildFile; fileRef = BC0196FD2C813C9A002B61A7 /* ToDoItem.swift */; };
		BC0197002C818086002B61A7 /* ToDoListViewModel.swift in Sources */ = {isa = PBXBuildFile; fileRef = BC0196FF2C818086002B61A7 /* ToDoListViewModel.swift */; };
		BC0197052C8229F5002B61A7 /* ToDoListView.swift in Sources */ = {isa = PBXBuildFile; fileRef = BC0197042C8229F5002B61A7 /* ToDoListView.swift */; };
		BC0197072C824A80002B61A7 /* ToDoListItemView.swift in Sources */ = {isa = PBXBuildFile; fileRef = BC0197062C824A80002B61A7 /* ToDoListItemView.swift */; };
		BC01970B2C8262C7002B61A7 /* ToDoItemViewModel.swift in Sources */ = {isa = PBXBuildFile; fileRef = BC01970A2C8262C7002B61A7 /* ToDoItemViewModel.swift */; };
		BC01970D2C826990002B61A7 /* ToDoItemDetailView.swift in Sources */ = {isa = PBXBuildFile; fileRef = BC01970C2C826990002B61A7 /* ToDoItemDetailView.swift */; };
		BC0197112C828ADF002B61A7 /* FirebaseStorage in Frameworks */ = {isa = PBXBuildFile; productRef = BC0197102C828ADF002B61A7 /* FirebaseStorage */; };
		BC0573C12C879A8B00C67F72 /* ImagePicker.swift in Sources */ = {isa = PBXBuildFile; fileRef = BC0573C02C879A8B00C67F72 /* ImagePicker.swift */; };
		BC0573C42C87AD1900C67F72 /* GoogleSignIn in Frameworks */ = {isa = PBXBuildFile; productRef = BC0573C32C87AD1900C67F72 /* GoogleSignIn */; };
		BC0573C62C87AD1900C67F72 /* GoogleSignInSwift in Frameworks */ = {isa = PBXBuildFile; productRef = BC0573C52C87AD1900C67F72 /* GoogleSignInSwift */; };
		BC0573C82C87ADC200C67F72 /* GoogleService-Info.plist in Resources */ = {isa = PBXBuildFile; fileRef = BC0573C72C87ADC200C67F72 /* GoogleService-Info.plist */; };
		BC0573CC2C87AE1900C67F72 /* GoogleLoginView.swift in Sources */ = {isa = PBXBuildFile; fileRef = BC0573CB2C87AE1900C67F72 /* GoogleLoginView.swift */; };
		BCF3A6402C80FE89000674E5 /* Firebase_Todo_DemoApp.swift in Sources */ = {isa = PBXBuildFile; fileRef = BCF3A63F2C80FE89000674E5 /* Firebase_Todo_DemoApp.swift */; };
		BCF3A6462C80FE8E000674E5 /* Assets.xcassets in Resources */ = {isa = PBXBuildFile; fileRef = BCF3A6452C80FE8E000674E5 /* Assets.xcassets */; };
		BCF3A6492C80FE8E000674E5 /* Preview Assets.xcassets in Resources */ = {isa = PBXBuildFile; fileRef = BCF3A6482C80FE8E000674E5 /* Preview Assets.xcassets */; };
		BCF3A6532C8100BB000674E5 /* FirebaseAnalytics in Frameworks */ = {isa = PBXBuildFile; productRef = BCF3A6522C8100BB000674E5 /* FirebaseAnalytics */; };
		BCF3A6552C81096B000674E5 /* CreateEmailAddressAccountView.swift in Sources */ = {isa = PBXBuildFile; fileRef = BCF3A6542C81096B000674E5 /* CreateEmailAddressAccountView.swift */; };
		BCF3A6572C810DF6000674E5 /* FirebaseAppCheck in Frameworks */ = {isa = PBXBuildFile; productRef = BCF3A6562C810DF6000674E5 /* FirebaseAppCheck */; };
		BCF3A6592C810DF6000674E5 /* FirebaseAuth in Frameworks */ = {isa = PBXBuildFile; productRef = BCF3A6582C810DF6000674E5 /* FirebaseAuth */; };
		BCF3A65B2C81173C000674E5 /* EmailAddressLoginView.swift in Sources */ = {isa = PBXBuildFile; fileRef = BCF3A65A2C81173C000674E5 /* EmailAddressLoginView.swift */; };
/* End PBXBuildFile section */

/* Begin PBXFileReference section */
		BC0196F92C8125CF002B61A7 /* RootView.swift */ = {isa = PBXFileReference; lastKnownFileType = sourcecode.swift; path = RootView.swift; sourceTree = "<group>"; };
		BC0196FD2C813C9A002B61A7 /* ToDoItem.swift */ = {isa = PBXFileReference; lastKnownFileType = sourcecode.swift; path = ToDoItem.swift; sourceTree = "<group>"; };
		BC0196FF2C818086002B61A7 /* ToDoListViewModel.swift */ = {isa = PBXFileReference; lastKnownFileType = sourcecode.swift; path = ToDoListViewModel.swift; sourceTree = "<group>"; };
		BC0197042C8229F5002B61A7 /* ToDoListView.swift */ = {isa = PBXFileReference; lastKnownFileType = sourcecode.swift; path = ToDoListView.swift; sourceTree = "<group>"; };
		BC0197062C824A80002B61A7 /* ToDoListItemView.swift */ = {isa = PBXFileReference; lastKnownFileType = sourcecode.swift; path = ToDoListItemView.swift; sourceTree = "<group>"; };
		BC01970A2C8262C7002B61A7 /* ToDoItemViewModel.swift */ = {isa = PBXFileReference; lastKnownFileType = sourcecode.swift; path = ToDoItemViewModel.swift; sourceTree = "<group>"; };
		BC01970C2C826990002B61A7 /* ToDoItemDetailView.swift */ = {isa = PBXFileReference; lastKnownFileType = sourcecode.swift; path = ToDoItemDetailView.swift; sourceTree = "<group>"; };
		BC0573C02C879A8B00C67F72 /* ImagePicker.swift */ = {isa = PBXFileReference; lastKnownFileType = sourcecode.swift; path = ImagePicker.swift; sourceTree = "<group>"; };
		BC0573C72C87ADC200C67F72 /* GoogleService-Info.plist */ = {isa = PBXFileReference; fileEncoding = 4; lastKnownFileType = text.plist.xml; path = "GoogleService-Info.plist"; sourceTree = "<group>"; };
		BC0573CB2C87AE1900C67F72 /* GoogleLoginView.swift */ = {isa = PBXFileReference; lastKnownFileType = sourcecode.swift; path = GoogleLoginView.swift; sourceTree = "<group>"; };
		BC0573CD2C87AE7000C67F72 /* Info.plist */ = {isa = PBXFileReference; lastKnownFileType = text.plist; path = Info.plist; sourceTree = "<group>"; };
		BCF3A63C2C80FE89000674E5 /* Firebase-Todo-Demo.app */ = {isa = PBXFileReference; explicitFileType = wrapper.application; includeInIndex = 0; path = "Firebase-Todo-Demo.app"; sourceTree = BUILT_PRODUCTS_DIR; };
		BCF3A63F2C80FE89000674E5 /* Firebase_Todo_DemoApp.swift */ = {isa = PBXFileReference; lastKnownFileType = sourcecode.swift; path = Firebase_Todo_DemoApp.swift; sourceTree = "<group>"; };
		BCF3A6452C80FE8E000674E5 /* Assets.xcassets */ = {isa = PBXFileReference; lastKnownFileType = folder.assetcatalog; path = Assets.xcassets; sourceTree = "<group>"; };
		BCF3A6482C80FE8E000674E5 /* Preview Assets.xcassets */ = {isa = PBXFileReference; lastKnownFileType = folder.assetcatalog; path = "Preview Assets.xcassets"; sourceTree = "<group>"; };
		BCF3A6542C81096B000674E5 /* CreateEmailAddressAccountView.swift */ = {isa = PBXFileReference; lastKnownFileType = sourcecode.swift; path = CreateEmailAddressAccountView.swift; sourceTree = "<group>"; };
		BCF3A65A2C81173C000674E5 /* EmailAddressLoginView.swift */ = {isa = PBXFileReference; lastKnownFileType = sourcecode.swift; path = EmailAddressLoginView.swift; sourceTree = "<group>"; };
/* End PBXFileReference section */

/* Begin PBXFrameworksBuildPhase section */
		BCF3A6392C80FE89000674E5 /* Frameworks */ = {
			isa = PBXFrameworksBuildPhase;
			buildActionMask = 2147483647;
			files = (
				BCF3A6572C810DF6000674E5 /* FirebaseAppCheck in Frameworks */,
				BC0196FC2C813C0F002B61A7 /* FirebaseFirestore in Frameworks */,
				BC0573C62C87AD1900C67F72 /* GoogleSignInSwift in Frameworks */,
				BCF3A6592C810DF6000674E5 /* FirebaseAuth in Frameworks */,
				BC0197112C828ADF002B61A7 /* FirebaseStorage in Frameworks */,
				BCF3A6532C8100BB000674E5 /* FirebaseAnalytics in Frameworks */,
				BC0573C42C87AD1900C67F72 /* GoogleSignIn in Frameworks */,
			);
			runOnlyForDeploymentPostprocessing = 0;
		};
/* End PBXFrameworksBuildPhase section */

/* Begin PBXGroup section */
		BC0197012C822799002B61A7 /* View */ = {
			isa = PBXGroup;
			children = (
				BC0196F92C8125CF002B61A7 /* RootView.swift */,
				BCF3A65A2C81173C000674E5 /* EmailAddressLoginView.swift */,
				BCF3A6542C81096B000674E5 /* CreateEmailAddressAccountView.swift */,
				BC0197042C8229F5002B61A7 /* ToDoListView.swift */,
				BC0197062C824A80002B61A7 /* ToDoListItemView.swift */,
				BC01970C2C826990002B61A7 /* ToDoItemDetailView.swift */,
				BC0573C02C879A8B00C67F72 /* ImagePicker.swift */,
				BC0573CB2C87AE1900C67F72 /* GoogleLoginView.swift */,
			);
			path = View;
			sourceTree = "<group>";
		};
		BC0197022C82283B002B61A7 /* ViewModel */ = {
			isa = PBXGroup;
			children = (
				BC0196FF2C818086002B61A7 /* ToDoListViewModel.swift */,
				BC01970A2C8262C7002B61A7 /* ToDoItemViewModel.swift */,
			);
			path = ViewModel;
			sourceTree = "<group>";
		};
		BC0197032C82284F002B61A7 /* Model */ = {
			isa = PBXGroup;
			children = (
				BC0196FD2C813C9A002B61A7 /* ToDoItem.swift */,
			);
			path = Model;
			sourceTree = "<group>";
		};
		BCF3A6332C80FE89000674E5 = {
			isa = PBXGroup;
			children = (
				BC0573C72C87ADC200C67F72 /* GoogleService-Info.plist */,
				BCF3A63E2C80FE89000674E5 /* Firebase-Todo-Demo */,
				BCF3A63D2C80FE89000674E5 /* Products */,
			);
			sourceTree = "<group>";
		};
		BCF3A63D2C80FE89000674E5 /* Products */ = {
			isa = PBXGroup;
			children = (
				BCF3A63C2C80FE89000674E5 /* Firebase-Todo-Demo.app */,
			);
			name = Products;
			sourceTree = "<group>";
		};
		BCF3A63E2C80FE89000674E5 /* Firebase-Todo-Demo */ = {
			isa = PBXGroup;
			children = (
				BC0573CD2C87AE7000C67F72 /* Info.plist */,
				BC0197032C82284F002B61A7 /* Model */,
				BC0197022C82283B002B61A7 /* ViewModel */,
				BC0197012C822799002B61A7 /* View */,
				BCF3A63F2C80FE89000674E5 /* Firebase_Todo_DemoApp.swift */,
				BCF3A6452C80FE8E000674E5 /* Assets.xcassets */,
				BCF3A6472C80FE8E000674E5 /* Preview Content */,
			);
			path = "Firebase-Todo-Demo";
			sourceTree = "<group>";
		};
		BCF3A6472C80FE8E000674E5 /* Preview Content */ = {
			isa = PBXGroup;
			children = (
				BCF3A6482C80FE8E000674E5 /* Preview Assets.xcassets */,
			);
			path = "Preview Content";
			sourceTree = "<group>";
		};
/* End PBXGroup section */

/* Begin PBXNativeTarget section */
		BCF3A63B2C80FE89000674E5 /* Firebase-Todo-Demo */ = {
			isa = PBXNativeTarget;
			buildConfigurationList = BCF3A64C2C80FE8E000674E5 /* Build configuration list for PBXNativeTarget "Firebase-Todo-Demo" */;
			buildPhases = (
				BCF3A6382C80FE89000674E5 /* Sources */,
				BCF3A6392C80FE89000674E5 /* Frameworks */,
				BCF3A63A2C80FE89000674E5 /* Resources */,
			);
			buildRules = (
			);
			dependencies = (
			);
			name = "Firebase-Todo-Demo";
			packageProductDependencies = (
				BCF3A6522C8100BB000674E5 /* FirebaseAnalytics */,
				BCF3A6562C810DF6000674E5 /* FirebaseAppCheck */,
				BCF3A6582C810DF6000674E5 /* FirebaseAuth */,
				BC0196FB2C813C0F002B61A7 /* FirebaseFirestore */,
				BC0197102C828ADF002B61A7 /* FirebaseStorage */,
				BC0573C32C87AD1900C67F72 /* GoogleSignIn */,
				BC0573C52C87AD1900C67F72 /* GoogleSignInSwift */,
			);
			productName = "Firebase-Todo-Demo";
			productReference = BCF3A63C2C80FE89000674E5 /* Firebase-Todo-Demo.app */;
			productType = "com.apple.product-type.application";
		};
/* End PBXNativeTarget section */

/* Begin PBXProject section */
		BCF3A6342C80FE89000674E5 /* Project object */ = {
			isa = PBXProject;
			attributes = {
				BuildIndependentTargetsInParallel = 1;
				LastSwiftUpdateCheck = 1540;
				LastUpgradeCheck = 1540;
				TargetAttributes = {
					BCF3A63B2C80FE89000674E5 = {
						CreatedOnToolsVersion = 15.4;
					};
				};
			};
			buildConfigurationList = BCF3A6372C80FE89000674E5 /* Build configuration list for PBXProject "Firebase-Todo-Demo" */;
			compatibilityVersion = "Xcode 14.0";
			developmentRegion = en;
			hasScannedForEncodings = 0;
			knownRegions = (
				en,
				Base,
			);
			mainGroup = BCF3A6332C80FE89000674E5;
			packageReferences = (
				BCF3A6512C8100B7000674E5 /* XCRemoteSwiftPackageReference "firebase-ios-sdk" */,
				BC0573C22C87AD1800C67F72 /* XCRemoteSwiftPackageReference "GoogleSignIn-iOS" */,
			);
			productRefGroup = BCF3A63D2C80FE89000674E5 /* Products */;
			projectDirPath = "";
			projectRoot = "";
			targets = (
				BCF3A63B2C80FE89000674E5 /* Firebase-Todo-Demo */,
			);
		};
/* End PBXProject section */

/* Begin PBXResourcesBuildPhase section */
		BCF3A63A2C80FE89000674E5 /* Resources */ = {
			isa = PBXResourcesBuildPhase;
			buildActionMask = 2147483647;
			files = (
				BCF3A6492C80FE8E000674E5 /* Preview Assets.xcassets in Resources */,
				BCF3A6462C80FE8E000674E5 /* Assets.xcassets in Resources */,
				BC0573C82C87ADC200C67F72 /* GoogleService-Info.plist in Resources */,
			);
			runOnlyForDeploymentPostprocessing = 0;
		};
/* End PBXResourcesBuildPhase section */

/* Begin PBXSourcesBuildPhase section */
		BCF3A6382C80FE89000674E5 /* Sources */ = {
			isa = PBXSourcesBuildPhase;
			buildActionMask = 2147483647;
			files = (
				BC01970D2C826990002B61A7 /* ToDoItemDetailView.swift in Sources */,
				BC0196FE2C813C9A002B61A7 /* ToDoItem.swift in Sources */,
				BC0196FA2C8125CF002B61A7 /* RootView.swift in Sources */,
				BCF3A6552C81096B000674E5 /* CreateEmailAddressAccountView.swift in Sources */,
				BC0197002C818086002B61A7 /* ToDoListViewModel.swift in Sources */,
				BC0573CC2C87AE1900C67F72 /* GoogleLoginView.swift in Sources */,
				BCF3A65B2C81173C000674E5 /* EmailAddressLoginView.swift in Sources */,
				BC0197072C824A80002B61A7 /* ToDoListItemView.swift in Sources */,
				BC0573C12C879A8B00C67F72 /* ImagePicker.swift in Sources */,
				BCF3A6402C80FE89000674E5 /* Firebase_Todo_DemoApp.swift in Sources */,
				BC0197052C8229F5002B61A7 /* ToDoListView.swift in Sources */,
				BC01970B2C8262C7002B61A7 /* ToDoItemViewModel.swift in Sources */,
			);
			runOnlyForDeploymentPostprocessing = 0;
		};
/* End PBXSourcesBuildPhase section */

/* Begin XCBuildConfiguration section */
		BCF3A64A2C80FE8E000674E5 /* Debug */ = {
			isa = XCBuildConfiguration;
			buildSettings = {
				ALWAYS_SEARCH_USER_PATHS = NO;
				ASSETCATALOG_COMPILER_GENERATE_SWIFT_ASSET_SYMBOL_EXTENSIONS = YES;
				CLANG_ANALYZER_NONNULL = YES;
				CLANG_ANALYZER_NUMBER_OBJECT_CONVERSION = YES_AGGRESSIVE;
				CLANG_CXX_LANGUAGE_STANDARD = "gnu++20";
				CLANG_ENABLE_MODULES = YES;
				CLANG_ENABLE_OBJC_ARC = YES;
				CLANG_ENABLE_OBJC_WEAK = YES;
				CLANG_WARN_BLOCK_CAPTURE_AUTORELEASING = YES;
				CLANG_WARN_BOOL_CONVERSION = YES;
				CLANG_WARN_COMMA = YES;
				CLANG_WARN_CONSTANT_CONVERSION = YES;
				CLANG_WARN_DEPRECATED_OBJC_IMPLEMENTATIONS = YES;
				CLANG_WARN_DIRECT_OBJC_ISA_USAGE = YES_ERROR;
				CLANG_WARN_DOCUMENTATION_COMMENTS = YES;
				CLANG_WARN_EMPTY_BODY = YES;
				CLANG_WARN_ENUM_CONVERSION = YES;
				CLANG_WARN_INFINITE_RECURSION = YES;
				CLANG_WARN_INT_CONVERSION = YES;
				CLANG_WARN_NON_LITERAL_NULL_CONVERSION = YES;
				CLANG_WARN_OBJC_IMPLICIT_RETAIN_SELF = YES;
				CLANG_WARN_OBJC_LITERAL_CONVERSION = YES;
				CLANG_WARN_OBJC_ROOT_CLASS = YES_ERROR;
				CLANG_WARN_QUOTED_INCLUDE_IN_FRAMEWORK_HEADER = YES;
				CLANG_WARN_RANGE_LOOP_ANALYSIS = YES;
				CLANG_WARN_STRICT_PROTOTYPES = YES;
				CLANG_WARN_SUSPICIOUS_MOVE = YES;
				CLANG_WARN_UNGUARDED_AVAILABILITY = YES_AGGRESSIVE;
				CLANG_WARN_UNREACHABLE_CODE = YES;
				CLANG_WARN__DUPLICATE_METHOD_MATCH = YES;
				COPY_PHASE_STRIP = NO;
				DEBUG_INFORMATION_FORMAT = dwarf;
				ENABLE_STRICT_OBJC_MSGSEND = YES;
				ENABLE_TESTABILITY = YES;
				ENABLE_USER_SCRIPT_SANDBOXING = YES;
				GCC_C_LANGUAGE_STANDARD = gnu17;
				GCC_DYNAMIC_NO_PIC = NO;
				GCC_NO_COMMON_BLOCKS = YES;
				GCC_OPTIMIZATION_LEVEL = 0;
				GCC_PREPROCESSOR_DEFINITIONS = (
					"DEBUG=1",
					"$(inherited)",
				);
				GCC_WARN_64_TO_32_BIT_CONVERSION = YES;
				GCC_WARN_ABOUT_RETURN_TYPE = YES_ERROR;
				GCC_WARN_UNDECLARED_SELECTOR = YES;
				GCC_WARN_UNINITIALIZED_AUTOS = YES_AGGRESSIVE;
				GCC_WARN_UNUSED_FUNCTION = YES;
				GCC_WARN_UNUSED_VARIABLE = YES;
				IPHONEOS_DEPLOYMENT_TARGET = 17.5;
				LOCALIZATION_PREFERS_STRING_CATALOGS = YES;
				MTL_ENABLE_DEBUG_INFO = INCLUDE_SOURCE;
				MTL_FAST_MATH = YES;
				ONLY_ACTIVE_ARCH = YES;
				SDKROOT = iphoneos;
				SWIFT_ACTIVE_COMPILATION_CONDITIONS = "DEBUG $(inherited)";
				SWIFT_OPTIMIZATION_LEVEL = "-Onone";
			};
			name = Debug;
		};
		BCF3A64B2C80FE8E000674E5 /* Release */ = {
			isa = XCBuildConfiguration;
			buildSettings = {
				ALWAYS_SEARCH_USER_PATHS = NO;
				ASSETCATALOG_COMPILER_GENERATE_SWIFT_ASSET_SYMBOL_EXTENSIONS = YES;
				CLANG_ANALYZER_NONNULL = YES;
				CLANG_ANALYZER_NUMBER_OBJECT_CONVERSION = YES_AGGRESSIVE;
				CLANG_CXX_LANGUAGE_STANDARD = "gnu++20";
				CLANG_ENABLE_MODULES = YES;
				CLANG_ENABLE_OBJC_ARC = YES;
				CLANG_ENABLE_OBJC_WEAK = YES;
				CLANG_WARN_BLOCK_CAPTURE_AUTORELEASING = YES;
				CLANG_WARN_BOOL_CONVERSION = YES;
				CLANG_WARN_COMMA = YES;
				CLANG_WARN_CONSTANT_CONVERSION = YES;
				CLANG_WARN_DEPRECATED_OBJC_IMPLEMENTATIONS = YES;
				CLANG_WARN_DIRECT_OBJC_ISA_USAGE = YES_ERROR;
				CLANG_WARN_DOCUMENTATION_COMMENTS = YES;
				CLANG_WARN_EMPTY_BODY = YES;
				CLANG_WARN_ENUM_CONVERSION = YES;
				CLANG_WARN_INFINITE_RECURSION = YES;
				CLANG_WARN_INT_CONVERSION = YES;
				CLANG_WARN_NON_LITERAL_NULL_CONVERSION = YES;
				CLANG_WARN_OBJC_IMPLICIT_RETAIN_SELF = YES;
				CLANG_WARN_OBJC_LITERAL_CONVERSION = YES;
				CLANG_WARN_OBJC_ROOT_CLASS = YES_ERROR;
				CLANG_WARN_QUOTED_INCLUDE_IN_FRAMEWORK_HEADER = YES;
				CLANG_WARN_RANGE_LOOP_ANALYSIS = YES;
				CLANG_WARN_STRICT_PROTOTYPES = YES;
				CLANG_WARN_SUSPICIOUS_MOVE = YES;
				CLANG_WARN_UNGUARDED_AVAILABILITY = YES_AGGRESSIVE;
				CLANG_WARN_UNREACHABLE_CODE = YES;
				CLANG_WARN__DUPLICATE_METHOD_MATCH = YES;
				COPY_PHASE_STRIP = NO;
				DEBUG_INFORMATION_FORMAT = "dwarf-with-dsym";
				ENABLE_NS_ASSERTIONS = NO;
				ENABLE_STRICT_OBJC_MSGSEND = YES;
				ENABLE_USER_SCRIPT_SANDBOXING = YES;
				GCC_C_LANGUAGE_STANDARD = gnu17;
				GCC_NO_COMMON_BLOCKS = YES;
				GCC_WARN_64_TO_32_BIT_CONVERSION = YES;
				GCC_WARN_ABOUT_RETURN_TYPE = YES_ERROR;
				GCC_WARN_UNDECLARED_SELECTOR = YES;
				GCC_WARN_UNINITIALIZED_AUTOS = YES_AGGRESSIVE;
				GCC_WARN_UNUSED_FUNCTION = YES;
				GCC_WARN_UNUSED_VARIABLE = YES;
				IPHONEOS_DEPLOYMENT_TARGET = 17.5;
				LOCALIZATION_PREFERS_STRING_CATALOGS = YES;
				MTL_ENABLE_DEBUG_INFO = NO;
				MTL_FAST_MATH = YES;
				SDKROOT = iphoneos;
				SWIFT_COMPILATION_MODE = wholemodule;
				VALIDATE_PRODUCT = YES;
			};
			name = Release;
		};
		BCF3A64D2C80FE8E000674E5 /* Debug */ = {
			isa = XCBuildConfiguration;
			buildSettings = {
				ASSETCATALOG_COMPILER_APPICON_NAME = AppIcon;
				ASSETCATALOG_COMPILER_GLOBAL_ACCENT_COLOR_NAME = AccentColor;
				CODE_SIGN_STYLE = Automatic;
				CURRENT_PROJECT_VERSION = 1;
				DEVELOPMENT_ASSET_PATHS = "\"Firebase-Todo-Demo/Preview Content\"";
				DEVELOPMENT_TEAM = CH2T3PYZJY;
				ENABLE_PREVIEWS = YES;
				GENERATE_INFOPLIST_FILE = YES;
				INFOPLIST_FILE = "Firebase-Todo-Demo/Info.plist";
				INFOPLIST_KEY_NSCameraUsageDescription = "This app would like to use your camera";
				INFOPLIST_KEY_UIApplicationSceneManifest_Generation = YES;
				INFOPLIST_KEY_UIApplicationSupportsIndirectInputEvents = YES;
				INFOPLIST_KEY_UILaunchScreen_Generation = YES;
				INFOPLIST_KEY_UISupportedInterfaceOrientations_iPad = "UIInterfaceOrientationPortrait UIInterfaceOrientationPortraitUpsideDown UIInterfaceOrientationLandscapeLeft UIInterfaceOrientationLandscapeRight";
				INFOPLIST_KEY_UISupportedInterfaceOrientations_iPhone = "UIInterfaceOrientationPortrait UIInterfaceOrientationLandscapeLeft UIInterfaceOrientationLandscapeRight";
				LD_RUNPATH_SEARCH_PATHS = (
					"$(inherited)",
					"@executable_path/Frameworks",
				);
				MARKETING_VERSION = 1.0;
				PRODUCT_BUNDLE_IDENTIFIER = us.alphamonkey.firebasetodo;
				PRODUCT_NAME = "$(TARGET_NAME)";
				SUPPORTED_PLATFORMS = "iphoneos iphonesimulator";
				SUPPORTS_MACCATALYST = NO;
				SUPPORTS_XR_DESIGNED_FOR_IPHONE_IPAD = NO;
				SWIFT_EMIT_LOC_STRINGS = YES;
				SWIFT_VERSION = 5.0;
				TARGETED_DEVICE_FAMILY = "1,2";
			};
			name = Debug;
		};
		BCF3A64E2C80FE8E000674E5 /* Release */ = {
			isa = XCBuildConfiguration;
			buildSettings = {
				ASSETCATALOG_COMPILER_APPICON_NAME = AppIcon;
				ASSETCATALOG_COMPILER_GLOBAL_ACCENT_COLOR_NAME = AccentColor;
				CODE_SIGN_STYLE = Automatic;
				CURRENT_PROJECT_VERSION = 1;
				DEVELOPMENT_ASSET_PATHS = "\"Firebase-Todo-Demo/Preview Content\"";
				DEVELOPMENT_TEAM = CH2T3PYZJY;
				ENABLE_PREVIEWS = YES;
				GENERATE_INFOPLIST_FILE = YES;
				INFOPLIST_FILE = "Firebase-Todo-Demo/Info.plist";
				INFOPLIST_KEY_NSCameraUsageDescription = "This app would like to use your camera";
				INFOPLIST_KEY_UIApplicationSceneManifest_Generation = YES;
				INFOPLIST_KEY_UIApplicationSupportsIndirectInputEvents = YES;
				INFOPLIST_KEY_UILaunchScreen_Generation = YES;
				INFOPLIST_KEY_UISupportedInterfaceOrientations_iPad = "UIInterfaceOrientationPortrait UIInterfaceOrientationPortraitUpsideDown UIInterfaceOrientationLandscapeLeft UIInterfaceOrientationLandscapeRight";
				INFOPLIST_KEY_UISupportedInterfaceOrientations_iPhone = "UIInterfaceOrientationPortrait UIInterfaceOrientationLandscapeLeft UIInterfaceOrientationLandscapeRight";
				LD_RUNPATH_SEARCH_PATHS = (
					"$(inherited)",
					"@executable_path/Frameworks",
				);
				MARKETING_VERSION = 1.0;
				PRODUCT_BUNDLE_IDENTIFIER = us.alphamonkey.firebasetodo;
				PRODUCT_NAME = "$(TARGET_NAME)";
				SUPPORTED_PLATFORMS = "iphoneos iphonesimulator";
				SUPPORTS_MACCATALYST = NO;
				SUPPORTS_XR_DESIGNED_FOR_IPHONE_IPAD = NO;
				SWIFT_EMIT_LOC_STRINGS = YES;
				SWIFT_VERSION = 5.0;
				TARGETED_DEVICE_FAMILY = "1,2";
			};
			name = Release;
		};
/* End XCBuildConfiguration section */

/* Begin XCConfigurationList section */
		BCF3A6372C80FE89000674E5 /* Build configuration list for PBXProject "Firebase-Todo-Demo" */ = {
			isa = XCConfigurationList;
			buildConfigurations = (
				BCF3A64A2C80FE8E000674E5 /* Debug */,
				BCF3A64B2C80FE8E000674E5 /* Release */,
			);
			defaultConfigurationIsVisible = 0;
			defaultConfigurationName = Release;
		};
		BCF3A64C2C80FE8E000674E5 /* Build configuration list for PBXNativeTarget "Firebase-Todo-Demo" */ = {
			isa = XCConfigurationList;
			buildConfigurations = (
				BCF3A64D2C80FE8E000674E5 /* Debug */,
				BCF3A64E2C80FE8E000674E5 /* Release */,
			);
			defaultConfigurationIsVisible = 0;
			defaultConfigurationName = Release;
		};
/* End XCConfigurationList section */

/* Begin XCRemoteSwiftPackageReference section */
		BC0573C22C87AD1800C67F72 /* XCRemoteSwiftPackageReference "GoogleSignIn-iOS" */ = {
			isa = XCRemoteSwiftPackageReference;
			repositoryURL = "https://github.com/google/GoogleSignIn-iOS";
			requirement = {
				kind = upToNextMajorVersion;
				minimumVersion = 8.0.0;
			};
		};
		BCF3A6512C8100B7000674E5 /* XCRemoteSwiftPackageReference "firebase-ios-sdk" */ = {
			isa = XCRemoteSwiftPackageReference;
			repositoryURL = "https://github.com/firebase/firebase-ios-sdk";
			requirement = {
				kind = upToNextMajorVersion;
				minimumVersion = 11.1.0;
			};
		};
/* End XCRemoteSwiftPackageReference section */

/* Begin XCSwiftPackageProductDependency section */
		BC0196FB2C813C0F002B61A7 /* FirebaseFirestore */ = {
			isa = XCSwiftPackageProductDependency;
			package = BCF3A6512C8100B7000674E5 /* XCRemoteSwiftPackageReference "firebase-ios-sdk" */;
			productName = FirebaseFirestore;
		};
		BC0197102C828ADF002B61A7 /* FirebaseStorage */ = {
			isa = XCSwiftPackageProductDependency;
			package = BCF3A6512C8100B7000674E5 /* XCRemoteSwiftPackageReference "firebase-ios-sdk" */;
			productName = FirebaseStorage;
		};
		BC0573C32C87AD1900C67F72 /* GoogleSignIn */ = {
			isa = XCSwiftPackageProductDependency;
			package = BC0573C22C87AD1800C67F72 /* XCRemoteSwiftPackageReference "GoogleSignIn-iOS" */;
			productName = GoogleSignIn;
		};
		BC0573C52C87AD1900C67F72 /* GoogleSignInSwift */ = {
			isa = XCSwiftPackageProductDependency;
			package = BC0573C22C87AD1800C67F72 /* XCRemoteSwiftPackageReference "GoogleSignIn-iOS" */;
			productName = GoogleSignInSwift;
		};
		BCF3A6522C8100BB000674E5 /* FirebaseAnalytics */ = {
			isa = XCSwiftPackageProductDependency;
			package = BCF3A6512C8100B7000674E5 /* XCRemoteSwiftPackageReference "firebase-ios-sdk" */;
			productName = FirebaseAnalytics;
		};
		BCF3A6562C810DF6000674E5 /* FirebaseAppCheck */ = {
			isa = XCSwiftPackageProductDependency;
			package = BCF3A6512C8100B7000674E5 /* XCRemoteSwiftPackageReference "firebase-ios-sdk" */;
			productName = FirebaseAppCheck;
		};
		BCF3A6582C810DF6000674E5 /* FirebaseAuth */ = {
			isa = XCSwiftPackageProductDependency;
			package = BCF3A6512C8100B7000674E5 /* XCRemoteSwiftPackageReference "firebase-ios-sdk" */;
			productName = FirebaseAuth;
		};
/* End XCSwiftPackageProductDependency section */
	};
	rootObject = BCF3A6342C80FE89000674E5 /* Project object */;
}
